
Microsoft Visual Studio Solution File, Format Version 12.00
# Visual Studio Version 17
VisualStudioVersion = 17.9.34728.123
MinimumVisualStudioVersion = 10.0.40219.1
Project("{FAE04EC0-301F-11D3-BF4B-00C04F79EFBC}") = "ShoeStore_Group9", "ShoeStore_Group9.csproj", "{CAD6539B-2B1D-4845-BD39-2CF276B7AA86}"
EndProject
Global
	GlobalSection(SolutionConfigurationPlatforms) = preSolution
		Debug|Any CPU = Debug|Any CPU
		Release|Any CPU = Release|Any CPU
	EndGlobalSection
	GlobalSection(ProjectConfigurationPlatforms) = postSolution
		{CAD6539B-2B1D-4845-BD39-2CF276B7AA86}.Debug|Any CPU.ActiveCfg = Debug|Any CPU
		{CAD6539B-2B1D-4845-BD39-2CF276B7AA86}.Debug|Any CPU.Build.0 = Debug|Any CPU
		{CAD6539B-2B1D-4845-BD39-2CF276B7AA86}.Release|Any CPU.ActiveCfg = Release|Any CPU
		{CAD6539B-2B1D-4845-BD39-2CF276B7AA86}.Release|Any CPU.Build.0 = Release|Any CPU
	EndGlobalSection
	GlobalSection(SolutionProperties) = preSolution
		HideSolutionNode = FALSE
	EndGlobalSection
	GlobalSection(ExtensibilityGlobals) = postSolution
		SolutionGuid = {ED178741-BB85-4889-BB62-4D9FFD5272B4}
	EndGlobalSection
EndGlobal
